
Microsoft Visual Studio Solution File, Format Version 12.00
# Visual Studio Version 16
VisualStudioVersion = 16.0.31613.86
MinimumVisualStudioVersion = 10.0.40219.1
Project("{FAE04EC0-301F-11D3-BF4B-00C04F79EFBC}") = "sp1-desktop", "sp1-desktop\sp1-desktop.csproj", "{A6848258-6A0E-42D1-88E9-E878A2BEC6F0}"
EndProject
Project("{2150E333-8FDC-42A3-9474-1A3956D46DE8}") = "Solution Items", "Solution Items", "{AE88F373-11F7-4BE5-A27C-243B9169153B}"
	ProjectSection(SolutionItems) = preProject
		.gitignore = .gitignore
		README.md = README.md
	EndProjectSection
EndProject
Global
	GlobalSection(SolutionConfigurationPlatforms) = preSolution
		Debug|Any CPU = Debug|Any CPU
		Release|Any CPU = Release|Any CPU
	EndGlobalSection
	GlobalSection(ProjectConfigurationPlatforms) = postSolution
		{A6848258-6A0E-42D1-88E9-E878A2BEC6F0}.Debug|Any CPU.ActiveCfg = Debug|Any CPU
		{A6848258-6A0E-42D1-88E9-E878A2BEC6F0}.Debug|Any CPU.Build.0 = Debug|Any CPU
		{A6848258-6A0E-42D1-88E9-E878A2BEC6F0}.Release|Any CPU.ActiveCfg = Release|Any CPU
		{A6848258-6A0E-42D1-88E9-E878A2BEC6F0}.Release|Any CPU.Build.0 = Release|Any CPU
	EndGlobalSection
	GlobalSection(SolutionProperties) = preSolution
		HideSolutionNode = FALSE
	EndGlobalSection
	GlobalSection(ExtensibilityGlobals) = postSolution
		SolutionGuid = {661AEC89-5990-40EE-BDEF-C6BF3CDCBE45}
	EndGlobalSection
EndGlobal
